
Microsoft Visual Studio Solution File, Format Version 12.00
# Visual Studio 2013
VisualStudioVersion = 12.0.31101.0
MinimumVisualStudioVersion = 10.0.40219.1
Project("{8BC9CEB8-8B4A-11D0-8D11-00A0C91BC942}") = "MPI", "MPI\MPI.vcxproj", "{6AB548AF-6DAD-42B4-BF40-0D5DFCED30F8}"
EndProject
Project("{8BC9CEB8-8B4A-11D0-8D11-00A0C91BC942}") = "OpenMp", "OpenMp\OpenMp_lab1.vcxproj", "{A968811E-D838-4EDD-AA57-CE47B41717C6}"
EndProject
Project("{8BC9CEB8-8B4A-11D0-8D11-00A0C91BC942}") = "MPI_QuickSort", "MPI_QuickSort\MPI_QuickSort.vcxproj", "{9C7C5DA4-6DF9-44DF-9F20-49DC8C8AD986}"
EndProject
Project("{8BC9CEB8-8B4A-11D0-8D11-00A0C91BC942}") = "OmpDekstra", "OmpDekstra\OmpDekstra.vcxproj", "{3D629F26-D44E-43FB-8BD3-FE87FCF8F6E9}"
EndProject
Global
	GlobalSection(SolutionConfigurationPlatforms) = preSolution
		Debug|Mixed Platforms = Debug|Mixed Platforms
		Debug|Win32 = Debug|Win32
		Debug|x64 = Debug|x64
		Release|Mixed Platforms = Release|Mixed Platforms
		Release|Win32 = Release|Win32
		Release|x64 = Release|x64
	EndGlobalSection
	GlobalSection(ProjectConfigurationPlatforms) = postSolution
		{6AB548AF-6DAD-42B4-BF40-0D5DFCED30F8}.Debug|Mixed Platforms.ActiveCfg = Debug|Win32
		{6AB548AF-6DAD-42B4-BF40-0D5DFCED30F8}.Debug|Mixed Platforms.Build.0 = Debug|Win32
		{6AB548AF-6DAD-42B4-BF40-0D5DFCED30F8}.Debug|Win32.ActiveCfg = Debug|Win32
		{6AB548AF-6DAD-42B4-BF40-0D5DFCED30F8}.Debug|Win32.Build.0 = Debug|Win32
		{6AB548AF-6DAD-42B4-BF40-0D5DFCED30F8}.Debug|x64.ActiveCfg = Debug|Win32
		{6AB548AF-6DAD-42B4-BF40-0D5DFCED30F8}.Release|Mixed Platforms.ActiveCfg = Release|Win32
		{6AB548AF-6DAD-42B4-BF40-0D5DFCED30F8}.Release|Mixed Platforms.Build.0 = Release|Win32
		{6AB548AF-6DAD-42B4-BF40-0D5DFCED30F8}.Release|Win32.ActiveCfg = Release|Win32
		{6AB548AF-6DAD-42B4-BF40-0D5DFCED30F8}.Release|Win32.Build.0 = Release|Win32
		{6AB548AF-6DAD-42B4-BF40-0D5DFCED30F8}.Release|x64.ActiveCfg = Release|x64
		{6AB548AF-6DAD-42B4-BF40-0D5DFCED30F8}.Release|x64.Build.0 = Release|x64
		{A968811E-D838-4EDD-AA57-CE47B41717C6}.Debug|Mixed Platforms.ActiveCfg = Debug|Win32
		{A968811E-D838-4EDD-AA57-CE47B41717C6}.Debug|Mixed Platforms.Build.0 = Debug|Win32
		{A968811E-D838-4EDD-AA57-CE47B41717C6}.Debug|Win32.ActiveCfg = Debug|Win32
		{A968811E-D838-4EDD-AA57-CE47B41717C6}.Debug|Win32.Build.0 = Debug|Win32
		{A968811E-D838-4EDD-AA57-CE47B41717C6}.Debug|x64.ActiveCfg = Debug|x64
		{A968811E-D838-4EDD-AA57-CE47B41717C6}.Debug|x64.Build.0 = Debug|x64
		{A968811E-D838-4EDD-AA57-CE47B41717C6}.Release|Mixed Platforms.ActiveCfg = Release|Win32
		{A968811E-D838-4EDD-AA57-CE47B41717C6}.Release|Mixed Platforms.Build.0 = Release|Win32
		{A968811E-D838-4EDD-AA57-CE47B41717C6}.Release|Win32.ActiveCfg = Release|Win32
		{A968811E-D838-4EDD-AA57-CE47B41717C6}.Release|Win32.Build.0 = Release|Win32
		{A968811E-D838-4EDD-AA57-CE47B41717C6}.Release|x64.ActiveCfg = Release|x64
		{A968811E-D838-4EDD-AA57-CE47B41717C6}.Release|x64.Build.0 = Release|x64
		{9C7C5DA4-6DF9-44DF-9F20-49DC8C8AD986}.Debug|Mixed Platforms.ActiveCfg = Debug|Win32
		{9C7C5DA4-6DF9-44DF-9F20-49DC8C8AD986}.Debug|Mixed Platforms.Build.0 = Debug|Win32
		{9C7C5DA4-6DF9-44DF-9F20-49DC8C8AD986}.Debug|Win32.ActiveCfg = Debug|Win32
		{9C7C5DA4-6DF9-44DF-9F20-49DC8C8AD986}.Debug|Win32.Build.0 = Debug|Win32
		{9C7C5DA4-6DF9-44DF-9F20-49DC8C8AD986}.Debug|x64.ActiveCfg = Debug|Win32
		{9C7C5DA4-6DF9-44DF-9F20-49DC8C8AD986}.Release|Mixed Platforms.ActiveCfg = Release|Win32
		{9C7C5DA4-6DF9-44DF-9F20-49DC8C8AD986}.Release|Mixed Platforms.Build.0 = Release|Win32
		{9C7C5DA4-6DF9-44DF-9F20-49DC8C8AD986}.Release|Win32.ActiveCfg = Release|Win32
		{9C7C5DA4-6DF9-44DF-9F20-49DC8C8AD986}.Release|Win32.Build.0 = Release|Win32
		{9C7C5DA4-6DF9-44DF-9F20-49DC8C8AD986}.Release|x64.ActiveCfg = Release|x64
		{9C7C5DA4-6DF9-44DF-9F20-49DC8C8AD986}.Release|x64.Build.0 = Release|x64
		{3D629F26-D44E-43FB-8BD3-FE87FCF8F6E9}.Debug|Mixed Platforms.ActiveCfg = Debug|Win32
		{3D629F26-D44E-43FB-8BD3-FE87FCF8F6E9}.Debug|Mixed Platforms.Build.0 = Debug|Win32
		{3D629F26-D44E-43FB-8BD3-FE87FCF8F6E9}.Debug|Win32.ActiveCfg = Debug|Win32
		{3D629F26-D44E-43FB-8BD3-FE87FCF8F6E9}.Debug|Win32.Build.0 = Debug|Win32
		{3D629F26-D44E-43FB-8BD3-FE87FCF8F6E9}.Debug|x64.ActiveCfg = Debug|Win32
		{3D629F26-D44E-43FB-8BD3-FE87FCF8F6E9}.Release|Mixed Platforms.ActiveCfg = Release|Win32
		{3D629F26-D44E-43FB-8BD3-FE87FCF8F6E9}.Release|Mixed Platforms.Build.0 = Release|Win32
		{3D629F26-D44E-43FB-8BD3-FE87FCF8F6E9}.Release|Win32.ActiveCfg = Release|Win32
		{3D629F26-D44E-43FB-8BD3-FE87FCF8F6E9}.Release|Win32.Build.0 = Release|Win32
		{3D629F26-D44E-43FB-8BD3-FE87FCF8F6E9}.Release|x64.ActiveCfg = Release|x64
		{3D629F26-D44E-43FB-8BD3-FE87FCF8F6E9}.Release|x64.Build.0 = Release|x64
	EndGlobalSection
	GlobalSection(SolutionProperties) = preSolution
		HideSolutionNode = FALSE
	EndGlobalSection
EndGlobal
